
Microsoft Visual Studio Solution File, Format Version 12.00
# Visual Studio Version 16
VisualStudioVersion = 16.0.31105.61
MinimumVisualStudioVersion = 10.0.40219.1
Project("{FAE04EC0-301F-11D3-BF4B-00C04F79EFBC}") = "AgendaTelefonica", "AgendaTelefonica\AgendaTelefonica.csproj", "{B3B2A093-1BAD-4CEC-87D5-F85DD3372E75}"
EndProject
Project("{FAE04EC0-301F-11D3-BF4B-00C04F79EFBC}") = "UnitTest", "UnitTest\UnitTest.csproj", "{92D1EE04-5D30-4935-9DBB-582EAEDD0C06}"
EndProject
Global
	GlobalSection(SolutionConfigurationPlatforms) = preSolution
		Debug|Any CPU = Debug|Any CPU
		Release|Any CPU = Release|Any CPU
	EndGlobalSection
	GlobalSection(ProjectConfigurationPlatforms) = postSolution
		{B3B2A093-1BAD-4CEC-87D5-F85DD3372E75}.Debug|Any CPU.ActiveCfg = Debug|Any CPU
		{B3B2A093-1BAD-4CEC-87D5-F85DD3372E75}.Debug|Any CPU.Build.0 = Debug|Any CPU
		{B3B2A093-1BAD-4CEC-87D5-F85DD3372E75}.Release|Any CPU.ActiveCfg = Release|Any CPU
		{B3B2A093-1BAD-4CEC-87D5-F85DD3372E75}.Release|Any CPU.Build.0 = Release|Any CPU
		{92D1EE04-5D30-4935-9DBB-582EAEDD0C06}.Debug|Any CPU.ActiveCfg = Debug|Any CPU
		{92D1EE04-5D30-4935-9DBB-582EAEDD0C06}.Debug|Any CPU.Build.0 = Debug|Any CPU
		{92D1EE04-5D30-4935-9DBB-582EAEDD0C06}.Release|Any CPU.ActiveCfg = Release|Any CPU
		{92D1EE04-5D30-4935-9DBB-582EAEDD0C06}.Release|Any CPU.Build.0 = Release|Any CPU
	EndGlobalSection
	GlobalSection(SolutionProperties) = preSolution
		HideSolutionNode = FALSE
	EndGlobalSection
	GlobalSection(ExtensibilityGlobals) = postSolution
		SolutionGuid = {A4CB9BD4-841C-47E3-817A-ADF6DE346991}
	EndGlobalSection
EndGlobal
